
Microsoft Visual Studio Solution File, Format Version 12.00
# Visual Studio Version 17
VisualStudioVersion = 17.0.31903.59
MinimumVisualStudioVersion = 10.0.40219.1
Project("{FAE04EC0-301F-11D3-BF4B-00C04F79EFBC}") = "DemoApp", "DemoApp\DemoApp.csproj", "{C31EA53E-A830-4281-982A-3F268622A131}"
EndProject
Project("{FAE04EC0-301F-11D3-BF4B-00C04F79EFBC}") = "DemoLib", "DemoLib\DemoLib.csproj", "{D072ED6A-683A-40F9-A8D5-81AE6DE341F1}"
EndProject
Global
	GlobalSection(SolutionConfigurationPlatforms) = preSolution
		Debug|Any CPU = Debug|Any CPU
		Release|Any CPU = Release|Any CPU
	EndGlobalSection
	GlobalSection(SolutionProperties) = preSolution
		HideSolutionNode = FALSE
	EndGlobalSection
	GlobalSection(ProjectConfigurationPlatforms) = postSolution
		{C31EA53E-A830-4281-982A-3F268622A131}.Debug|Any CPU.ActiveCfg = Debug|Any CPU
		{C31EA53E-A830-4281-982A-3F268622A131}.Debug|Any CPU.Build.0 = Debug|Any CPU
		{C31EA53E-A830-4281-982A-3F268622A131}.Release|Any CPU.ActiveCfg = Release|Any CPU
		{C31EA53E-A830-4281-982A-3F268622A131}.Release|Any CPU.Build.0 = Release|Any CPU
		{D072ED6A-683A-40F9-A8D5-81AE6DE341F1}.Debug|Any CPU.ActiveCfg = Debug|Any CPU
		{D072ED6A-683A-40F9-A8D5-81AE6DE341F1}.Debug|Any CPU.Build.0 = Debug|Any CPU
		{D072ED6A-683A-40F9-A8D5-81AE6DE341F1}.Release|Any CPU.ActiveCfg = Release|Any CPU
		{D072ED6A-683A-40F9-A8D5-81AE6DE341F1}.Release|Any CPU.Build.0 = Release|Any CPU
	EndGlobalSection
EndGlobal
